
Microsoft Visual Studio Solution File, Format Version 12.00
# Visual Studio Version 17
VisualStudioVersion = 17.1.32210.238
MinimumVisualStudioVersion = 10.0.40219.1
Project("{9A19103F-16F7-4668-BE54-9A1E7A4F7556}") = "CursoCSharp", "CursoCSharp.csproj", "{D428CF38-0698-4C6D-BC5B-5A550AD88100}"
EndProject
Project("{9A19103F-16F7-4668-BE54-9A1E7A4F7556}") = "Encapsulamento", "..\Encapsulamento\Encapsulamento.csproj", "{075E6741-EE0F-4119-8728-5D4F22957CDA}"
EndProject
Global
	GlobalSection(SolutionConfigurationPlatforms) = preSolution
		Debug|Any CPU = Debug|Any CPU
		Release|Any CPU = Release|Any CPU
	EndGlobalSection
	GlobalSection(ProjectConfigurationPlatforms) = postSolution
		{D428CF38-0698-4C6D-BC5B-5A550AD88100}.Debug|Any CPU.ActiveCfg = Debug|Any CPU
		{D428CF38-0698-4C6D-BC5B-5A550AD88100}.Debug|Any CPU.Build.0 = Debug|Any CPU
		{D428CF38-0698-4C6D-BC5B-5A550AD88100}.Release|Any CPU.ActiveCfg = Release|Any CPU
		{D428CF38-0698-4C6D-BC5B-5A550AD88100}.Release|Any CPU.Build.0 = Release|Any CPU
		{075E6741-EE0F-4119-8728-5D4F22957CDA}.Debug|Any CPU.ActiveCfg = Debug|Any CPU
		{075E6741-EE0F-4119-8728-5D4F22957CDA}.Debug|Any CPU.Build.0 = Debug|Any CPU
		{075E6741-EE0F-4119-8728-5D4F22957CDA}.Release|Any CPU.ActiveCfg = Release|Any CPU
		{075E6741-EE0F-4119-8728-5D4F22957CDA}.Release|Any CPU.Build.0 = Release|Any CPU
	EndGlobalSection
	GlobalSection(SolutionProperties) = preSolution
		HideSolutionNode = FALSE
	EndGlobalSection
	GlobalSection(ExtensibilityGlobals) = postSolution
		SolutionGuid = {2193B8C1-6B06-4269-BE3F-7BF393709EBF}
	EndGlobalSection
EndGlobal
